
Microsoft Visual Studio Solution File, Format Version 12.00
# Visual Studio 15
VisualStudioVersion = 15.0.27004.2006
MinimumVisualStudioVersion = 10.0.40219.1
Project("{FAE04EC0-301F-11D3-BF4B-00C04F79EFBC}") = "SportStore", "SportStore\SportStore.csproj", "{1E0FCC25-288C-4731-A738-F8F7BF5F71EF}"
EndProject
Project("{FAE04EC0-301F-11D3-BF4B-00C04F79EFBC}") = "SportStore.Tests", "SportStore.Tests\SportStore.Tests.csproj", "{376568CB-0267-459E-A100-8B64C7644D11}"
EndProject
Global
	GlobalSection(SolutionConfigurationPlatforms) = preSolution
		Debug|Any CPU = Debug|Any CPU
		Release|Any CPU = Release|Any CPU
	EndGlobalSection
	GlobalSection(ProjectConfigurationPlatforms) = postSolution
		{1E0FCC25-288C-4731-A738-F8F7BF5F71EF}.Debug|Any CPU.ActiveCfg = Debug|Any CPU
		{1E0FCC25-288C-4731-A738-F8F7BF5F71EF}.Debug|Any CPU.Build.0 = Debug|Any CPU
		{1E0FCC25-288C-4731-A738-F8F7BF5F71EF}.Release|Any CPU.ActiveCfg = Release|Any CPU
		{1E0FCC25-288C-4731-A738-F8F7BF5F71EF}.Release|Any CPU.Build.0 = Release|Any CPU
		{376568CB-0267-459E-A100-8B64C7644D11}.Debug|Any CPU.ActiveCfg = Debug|Any CPU
		{376568CB-0267-459E-A100-8B64C7644D11}.Debug|Any CPU.Build.0 = Debug|Any CPU
		{376568CB-0267-459E-A100-8B64C7644D11}.Release|Any CPU.ActiveCfg = Release|Any CPU
		{376568CB-0267-459E-A100-8B64C7644D11}.Release|Any CPU.Build.0 = Release|Any CPU
	EndGlobalSection
	GlobalSection(SolutionProperties) = preSolution
		HideSolutionNode = FALSE
	EndGlobalSection
	GlobalSection(ExtensibilityGlobals) = postSolution
		SolutionGuid = {90F398C7-C79B-41F7-8314-AFAB8535B441}
	EndGlobalSection
EndGlobal
